{
  "lockfileVersion": 1,
  "configVersion": 1,
  "workspaces": {
    "": {
      "devDependencies": {
        "jscpd": "^5.0.4",
      },
    },
  },
  "packages": {
    "cpd-darwin-arm64": ["cpd-darwin-arm64@5.0.4", "", { "os": "darwin", "cpu": "arm64" }, "sha512-oqD0RVirv3QRuMjM1XdKfZR+b6qFWqR/J6Jia1wsiV+XJYLjeRLPvWwjhdPQzIY/lRMqDETWZ+8U5h7LXX5C/Q=="],

    "cpd-darwin-x64": ["cpd-darwin-x64@5.0.4", "", { "os": "darwin", "cpu": "x64" }, "sha512-I3wD3TrwK5vzqTO2ej+/t9Jugg6mGEx8jwIsqZXamxQoRW55UNI91wlrsThcp3mMp7ZLSsSnrFm6jcx3BPHafw=="],

    "cpd-linux-arm64-gnu": ["cpd-linux-arm64-gnu@5.0.4", "", { "os": "linux", "cpu": "arm64" }, "sha512-KvRHvlx12cGYTHNe1bTFdk4l6ILtdfwPr0hCJuFB7Q340o7UlWA2GX4SxW/1hE9Ts1id1W0iKGKkkp5LP5Aagg=="],

    "cpd-linux-x64-gnu": ["cpd-linux-x64-gnu@5.0.4", "", { "os": "linux", "cpu": "x64" }, "sha512-vF4OI+1BZDomxKN3rVu9NuhX5gj0F7NWtofN6A2ApGOtyM0CmhOTYcitqF9jExiXkknr6uETBs4avEopOfcHPQ=="],

    "cpd-linux-x64-musl": ["cpd-linux-x64-musl@5.0.4", "", { "os": "linux", "cpu": "x64" }, "sha512-dooVyen2ThTyNtpSIndo6SH/BDTM2Wazz6leJON244bZJ8JgCp8Suc54nK0RlWpHOZjYSqZu2k9bHFlBWrrAlg=="],

    "cpd-windows-x64-msvc": ["cpd-windows-x64-msvc@5.0.4", "", { "os": "win32", "cpu": "x64" }, "sha512-J3k4x4MHjgtsr2vLWpuK3imi6tLlFU9UADrgoS0BFzQI8BJpXtXen7Q7IMuYcAnvGR7I+Rf//5bGFIfQ+2PqhA=="],

    "jscpd": ["jscpd@5.0.4", "", { "optionalDependencies": { "cpd-darwin-arm64": "5.0.4", "cpd-darwin-x64": "5.0.4", "cpd-linux-arm64-gnu": "5.0.4", "cpd-linux-x64-gnu": "5.0.4", "cpd-linux-x64-musl": "5.0.4", "cpd-windows-x64-msvc": "5.0.4" }, "bin": { "jscpd": "run-jscpd.js" } }, "sha512-I1skFSqn6gpLeA62konLjtfJgZZcam3scIXHAXM+/1VRpBHXauWF/x2VOgeGbizR7vrxA8qSxsHfNwbBOAHedw=="],
  }
}
